
Microsoft Visual Studio Solution File, Format Version 12.00
# Visual Studio Version 17
VisualStudioVersion = 17.5.33516.290
MinimumVisualStudioVersion = 10.0.40219.1
Project("{FAE04EC0-301F-11D3-BF4B-00C04F79EFBC}") = "WpfApp4P_egz_lato", "WpfApp4P_egz_lato\WpfApp4P_egz_lato.csproj", "{5E6DF8A7-4BD5-49E6-9619-238B0936D79B}"
EndProject
Global
	GlobalSection(SolutionConfigurationPlatforms) = preSolution
		Debug|Any CPU = Debug|Any CPU
		Release|Any CPU = Release|Any CPU
	EndGlobalSection
	GlobalSection(ProjectConfigurationPlatforms) = postSolution
		{5E6DF8A7-4BD5-49E6-9619-238B0936D79B}.Debug|Any CPU.ActiveCfg = Debug|Any CPU
		{5E6DF8A7-4BD5-49E6-9619-238B0936D79B}.Debug|Any CPU.Build.0 = Debug|Any CPU
		{5E6DF8A7-4BD5-49E6-9619-238B0936D79B}.Release|Any CPU.ActiveCfg = Release|Any CPU
		{5E6DF8A7-4BD5-49E6-9619-238B0936D79B}.Release|Any CPU.Build.0 = Release|Any CPU
	EndGlobalSection
	GlobalSection(SolutionProperties) = preSolution
		HideSolutionNode = FALSE
	EndGlobalSection
	GlobalSection(ExtensibilityGlobals) = postSolution
		SolutionGuid = {F140F14A-2C83-469C-9E85-90B61C8F9A71}
	EndGlobalSection
EndGlobal
